// !$*UTF8*$!
{
	archiveVersion = 1;
	classes = {
	};
	objectVersion = 56;
	objects = {

/* Begin PBXBuildFile section */
		69420D2E2CA4C7920093E49B /* Meal.swift in Sources */ = {isa = PBXBuildFile; fileRef = 69420D2D2CA4C7920093E49B /* Meal.swift */; };
		69420D322CA4CC890093E49B /* MealViewModel.swift in Sources */ = {isa = PBXBuildFile; fileRef = 69420D312CA4CC890093E49B /* MealViewModel.swift */; };
		69420D3C2CA5221A0093E49B /* MealImageView.swift in Sources */ = {isa = PBXBuildFile; fileRef = 69420D3B2CA5221A0093E49B /* MealImageView.swift */; };
		69420D3E2CA523780093E49B /* ImageLoadingViewModel.swift in Sources */ = {isa = PBXBuildFile; fileRef = 69420D3D2CA523780093E49B /* ImageLoadingViewModel.swift */; };
		69420D402CA52E310093E49B /* MealRowView.swift in Sources */ = {isa = PBXBuildFile; fileRef = 69420D3F2CA52E310093E49B /* MealRowView.swift */; };
		69420D422CA531FA0093E49B /* ImageCacheManager.swift in Sources */ = {isa = PBXBuildFile; fileRef = 69420D412CA531FA0093E49B /* ImageCacheManager.swift */; };
		69420D442CA537A20093E49B /* ImageFileManager.swift in Sources */ = {isa = PBXBuildFile; fileRef = 69420D432CA537A20093E49B /* ImageFileManager.swift */; };
		69930C4F2CA79E2800D33887 /* MealNameOverlay.swift in Sources */ = {isa = PBXBuildFile; fileRef = 69930C4E2CA79E2800D33887 /* MealNameOverlay.swift */; };
		69930C512CA79EF300D33887 /* IngredientsAndMeasurementsView.swift in Sources */ = {isa = PBXBuildFile; fileRef = 69930C502CA79EF300D33887 /* IngredientsAndMeasurementsView.swift */; };
		69930C532CA79F4900D33887 /* InstructionsView.swift in Sources */ = {isa = PBXBuildFile; fileRef = 69930C522CA79F4900D33887 /* InstructionsView.swift */; };
		69930C552CA79F7F00D33887 /* YouTubeLinkView.swift in Sources */ = {isa = PBXBuildFile; fileRef = 69930C542CA79F7F00D33887 /* YouTubeLinkView.swift */; };
		69930C572CA7A01500D33887 /* MealListView.swift in Sources */ = {isa = PBXBuildFile; fileRef = 69930C562CA7A01500D33887 /* MealListView.swift */; };
		69A0EA9B2CA5D8D800BBE410 /* MealDetail.swift in Sources */ = {isa = PBXBuildFile; fileRef = 69A0EA9A2CA5D8D800BBE410 /* MealDetail.swift */; };
		69A0EA9D2CA5D8F700BBE410 /* MealDetailViewModel.swift in Sources */ = {isa = PBXBuildFile; fileRef = 69A0EA9C2CA5D8F700BBE410 /* MealDetailViewModel.swift */; };
		69A0EA9F2CA5D96000BBE410 /* Errors.swift in Sources */ = {isa = PBXBuildFile; fileRef = 69A0EA9E2CA5D96000BBE410 /* Errors.swift */; };
		69A0EAA12CA617C000BBE410 /* MealDetailView.swift in Sources */ = {isa = PBXBuildFile; fileRef = 69A0EAA02CA617C000BBE410 /* MealDetailView.swift */; };
		69EB9E3C2CA3864500F70C47 /* TreatBoxApp.swift in Sources */ = {isa = PBXBuildFile; fileRef = 69EB9E3B2CA3864500F70C47 /* TreatBoxApp.swift */; };
		69EB9E3E2CA3864500F70C47 /* MealsView.swift in Sources */ = {isa = PBXBuildFile; fileRef = 69EB9E3D2CA3864500F70C47 /* MealsView.swift */; };
		69EB9E402CA3864600F70C47 /* Assets.xcassets in Resources */ = {isa = PBXBuildFile; fileRef = 69EB9E3F2CA3864600F70C47 /* Assets.xcassets */; };
		69EB9E442CA3864600F70C47 /* Preview Assets.xcassets in Resources */ = {isa = PBXBuildFile; fileRef = 69EB9E432CA3864600F70C47 /* Preview Assets.xcassets */; };
/* End PBXBuildFile section */

/* Begin PBXFileReference section */
		69420D2D2CA4C7920093E49B /* Meal.swift */ = {isa = PBXFileReference; lastKnownFileType = sourcecode.swift; path = Meal.swift; sourceTree = "<group>"; };
		69420D312CA4CC890093E49B /* MealViewModel.swift */ = {isa = PBXFileReference; lastKnownFileType = sourcecode.swift; path = MealViewModel.swift; sourceTree = "<group>"; };
		69420D3B2CA5221A0093E49B /* MealImageView.swift */ = {isa = PBXFileReference; lastKnownFileType = sourcecode.swift; path = MealImageView.swift; sourceTree = "<group>"; };
		69420D3D2CA523780093E49B /* ImageLoadingViewModel.swift */ = {isa = PBXFileReference; lastKnownFileType = sourcecode.swift; path = ImageLoadingViewModel.swift; sourceTree = "<group>"; };
		69420D3F2CA52E310093E49B /* MealRowView.swift */ = {isa = PBXFileReference; lastKnownFileType = sourcecode.swift; path = MealRowView.swift; sourceTree = "<group>"; };
		69420D412CA531FA0093E49B /* ImageCacheManager.swift */ = {isa = PBXFileReference; lastKnownFileType = sourcecode.swift; path = ImageCacheManager.swift; sourceTree = "<group>"; };
		69420D432CA537A20093E49B /* ImageFileManager.swift */ = {isa = PBXFileReference; lastKnownFileType = sourcecode.swift; path = ImageFileManager.swift; sourceTree = "<group>"; };
		69930C4E2CA79E2800D33887 /* MealNameOverlay.swift */ = {isa = PBXFileReference; lastKnownFileType = sourcecode.swift; path = MealNameOverlay.swift; sourceTree = "<group>"; };
		69930C502CA79EF300D33887 /* IngredientsAndMeasurementsView.swift */ = {isa = PBXFileReference; lastKnownFileType = sourcecode.swift; path = IngredientsAndMeasurementsView.swift; sourceTree = "<group>"; };
		69930C522CA79F4900D33887 /* InstructionsView.swift */ = {isa = PBXFileReference; lastKnownFileType = sourcecode.swift; path = InstructionsView.swift; sourceTree = "<group>"; };
		69930C542CA79F7F00D33887 /* YouTubeLinkView.swift */ = {isa = PBXFileReference; lastKnownFileType = sourcecode.swift; path = YouTubeLinkView.swift; sourceTree = "<group>"; };
		69930C562CA7A01500D33887 /* MealListView.swift */ = {isa = PBXFileReference; lastKnownFileType = sourcecode.swift; path = MealListView.swift; sourceTree = "<group>"; };
		69A0EA9A2CA5D8D800BBE410 /* MealDetail.swift */ = {isa = PBXFileReference; lastKnownFileType = sourcecode.swift; path = MealDetail.swift; sourceTree = "<group>"; };
		69A0EA9C2CA5D8F700BBE410 /* MealDetailViewModel.swift */ = {isa = PBXFileReference; lastKnownFileType = sourcecode.swift; path = MealDetailViewModel.swift; sourceTree = "<group>"; };
		69A0EA9E2CA5D96000BBE410 /* Errors.swift */ = {isa = PBXFileReference; lastKnownFileType = sourcecode.swift; path = Errors.swift; sourceTree = "<group>"; };
		69A0EAA02CA617C000BBE410 /* MealDetailView.swift */ = {isa = PBXFileReference; lastKnownFileType = sourcecode.swift; path = MealDetailView.swift; sourceTree = "<group>"; };
		69EB9E382CA3864500F70C47 /* TreatBox.app */ = {isa = PBXFileReference; explicitFileType = wrapper.application; includeInIndex = 0; path = TreatBox.app; sourceTree = BUILT_PRODUCTS_DIR; };
		69EB9E3B2CA3864500F70C47 /* TreatBoxApp.swift */ = {isa = PBXFileReference; lastKnownFileType = sourcecode.swift; path = TreatBoxApp.swift; sourceTree = "<group>"; };
		69EB9E3D2CA3864500F70C47 /* MealsView.swift */ = {isa = PBXFileReference; lastKnownFileType = sourcecode.swift; path = MealsView.swift; sourceTree = "<group>"; };
		69EB9E3F2CA3864600F70C47 /* Assets.xcassets */ = {isa = PBXFileReference; lastKnownFileType = folder.assetcatalog; path = Assets.xcassets; sourceTree = "<group>"; };
		69EB9E412CA3864600F70C47 /* TreatBox.entitlements */ = {isa = PBXFileReference; lastKnownFileType = text.plist.entitlements; path = TreatBox.entitlements; sourceTree = "<group>"; };
		69EB9E432CA3864600F70C47 /* Preview Assets.xcassets */ = {isa = PBXFileReference; lastKnownFileType = folder.assetcatalog; path = "Preview Assets.xcassets"; sourceTree = "<group>"; };
/* End PBXFileReference section */

/* Begin PBXFrameworksBuildPhase section */
		69EB9E352CA3864500F70C47 /* Frameworks */ = {
			isa = PBXFrameworksBuildPhase;
			buildActionMask = 2147483647;
			files = (
			);
			runOnlyForDeploymentPostprocessing = 0;
		};
/* End PBXFrameworksBuildPhase section */

/* Begin PBXGroup section */
		69420D2A2CA4C6C50093E49B /* Model */ = {
			isa = PBXGroup;
			children = (
				69420D2D2CA4C7920093E49B /* Meal.swift */,
				69A0EA9A2CA5D8D800BBE410 /* MealDetail.swift */,
			);
			path = Model;
			sourceTree = "<group>";
		};
		69420D2B2CA4C6CB0093E49B /* View */ = {
			isa = PBXGroup;
			children = (
				69EB9E3D2CA3864500F70C47 /* MealsView.swift */,
				69A0EAA02CA617C000BBE410 /* MealDetailView.swift */,
				69420D3F2CA52E310093E49B /* MealRowView.swift */,
				69930C562CA7A01500D33887 /* MealListView.swift */,
				69420D3B2CA5221A0093E49B /* MealImageView.swift */,
				69930C4E2CA79E2800D33887 /* MealNameOverlay.swift */,
				69930C502CA79EF300D33887 /* IngredientsAndMeasurementsView.swift */,
				69930C522CA79F4900D33887 /* InstructionsView.swift */,
				69930C542CA79F7F00D33887 /* YouTubeLinkView.swift */,
			);
			path = View;
			sourceTree = "<group>";
		};
		69420D2C2CA4C6CF0093E49B /* ViewModel */ = {
			isa = PBXGroup;
			children = (
				69420D312CA4CC890093E49B /* MealViewModel.swift */,
				69A0EA9C2CA5D8F700BBE410 /* MealDetailViewModel.swift */,
				69420D3D2CA523780093E49B /* ImageLoadingViewModel.swift */,
			);
			path = ViewModel;
			sourceTree = "<group>";
		};
		69420D362CA519C10093E49B /* Utilities */ = {
			isa = PBXGroup;
			children = (
				69420D412CA531FA0093E49B /* ImageCacheManager.swift */,
				69420D432CA537A20093E49B /* ImageFileManager.swift */,
				69A0EA9E2CA5D96000BBE410 /* Errors.swift */,
			);
			path = Utilities;
			sourceTree = "<group>";
		};
		69EB9E2F2CA3864500F70C47 = {
			isa = PBXGroup;
			children = (
				69EB9E3A2CA3864500F70C47 /* TreatBox */,
				69EB9E392CA3864500F70C47 /* Products */,
			);
			sourceTree = "<group>";
		};
		69EB9E392CA3864500F70C47 /* Products */ = {
			isa = PBXGroup;
			children = (
				69EB9E382CA3864500F70C47 /* TreatBox.app */,
			);
			name = Products;
			sourceTree = "<group>";
		};
		69EB9E3A2CA3864500F70C47 /* TreatBox */ = {
			isa = PBXGroup;
			children = (
				69EB9E3B2CA3864500F70C47 /* TreatBoxApp.swift */,
				69420D362CA519C10093E49B /* Utilities */,
				69420D2A2CA4C6C50093E49B /* Model */,
				69420D2C2CA4C6CF0093E49B /* ViewModel */,
				69420D2B2CA4C6CB0093E49B /* View */,
				69EB9E3F2CA3864600F70C47 /* Assets.xcassets */,
				69EB9E412CA3864600F70C47 /* TreatBox.entitlements */,
				69EB9E422CA3864600F70C47 /* Preview Content */,
			);
			path = TreatBox;
			sourceTree = "<group>";
		};
		69EB9E422CA3864600F70C47 /* Preview Content */ = {
			isa = PBXGroup;
			children = (
				69EB9E432CA3864600F70C47 /* Preview Assets.xcassets */,
			);
			path = "Preview Content";
			sourceTree = "<group>";
		};
/* End PBXGroup section */

/* Begin PBXNativeTarget section */
		69EB9E372CA3864500F70C47 /* TreatBox */ = {
			isa = PBXNativeTarget;
			buildConfigurationList = 69EB9E472CA3864600F70C47 /* Build configuration list for PBXNativeTarget "TreatBox" */;
			buildPhases = (
				69EB9E342CA3864500F70C47 /* Sources */,
				69EB9E352CA3864500F70C47 /* Frameworks */,
				69EB9E362CA3864500F70C47 /* Resources */,
			);
			buildRules = (
			);
			dependencies = (
			);
			name = TreatBox;
			productName = TreatBox;
			productReference = 69EB9E382CA3864500F70C47 /* TreatBox.app */;
			productType = "com.apple.product-type.application";
		};
/* End PBXNativeTarget section */

/* Begin PBXProject section */
		69EB9E302CA3864500F70C47 /* Project object */ = {
			isa = PBXProject;
			attributes = {
				BuildIndependentTargetsInParallel = 1;
				LastSwiftUpdateCheck = 1530;
				LastUpgradeCheck = 1530;
				TargetAttributes = {
					69EB9E372CA3864500F70C47 = {
						CreatedOnToolsVersion = 15.3;
					};
				};
			};
			buildConfigurationList = 69EB9E332CA3864500F70C47 /* Build configuration list for PBXProject "TreatBox" */;
			compatibilityVersion = "Xcode 14.0";
			developmentRegion = en;
			hasScannedForEncodings = 0;
			knownRegions = (
				en,
				Base,
			);
			mainGroup = 69EB9E2F2CA3864500F70C47;
			productRefGroup = 69EB9E392CA3864500F70C47 /* Products */;
			projectDirPath = "";
			projectRoot = "";
			targets = (
				69EB9E372CA3864500F70C47 /* TreatBox */,
			);
		};
/* End PBXProject section */

/* Begin PBXResourcesBuildPhase section */
		69EB9E362CA3864500F70C47 /* Resources */ = {
			isa = PBXResourcesBuildPhase;
			buildActionMask = 2147483647;
			files = (
				69EB9E442CA3864600F70C47 /* Preview Assets.xcassets in Resources */,
				69EB9E402CA3864600F70C47 /* Assets.xcassets in Resources */,
			);
			runOnlyForDeploymentPostprocessing = 0;
		};
/* End PBXResourcesBuildPhase section */

/* Begin PBXSourcesBuildPhase section */
		69EB9E342CA3864500F70C47 /* Sources */ = {
			isa = PBXSourcesBuildPhase;
			buildActionMask = 2147483647;
			files = (
				69EB9E3E2CA3864500F70C47 /* MealsView.swift in Sources */,
				69930C552CA79F7F00D33887 /* YouTubeLinkView.swift in Sources */,
				69930C532CA79F4900D33887 /* InstructionsView.swift in Sources */,
				69A0EA9D2CA5D8F700BBE410 /* MealDetailViewModel.swift in Sources */,
				69420D422CA531FA0093E49B /* ImageCacheManager.swift in Sources */,
				69420D322CA4CC890093E49B /* MealViewModel.swift in Sources */,
				69930C4F2CA79E2800D33887 /* MealNameOverlay.swift in Sources */,
				69A0EAA12CA617C000BBE410 /* MealDetailView.swift in Sources */,
				69420D3C2CA5221A0093E49B /* MealImageView.swift in Sources */,
				69A0EA9F2CA5D96000BBE410 /* Errors.swift in Sources */,
				69420D442CA537A20093E49B /* ImageFileManager.swift in Sources */,
				69420D2E2CA4C7920093E49B /* Meal.swift in Sources */,
				69420D3E2CA523780093E49B /* ImageLoadingViewModel.swift in Sources */,
				69930C512CA79EF300D33887 /* IngredientsAndMeasurementsView.swift in Sources */,
				69420D402CA52E310093E49B /* MealRowView.swift in Sources */,
				69A0EA9B2CA5D8D800BBE410 /* MealDetail.swift in Sources */,
				69EB9E3C2CA3864500F70C47 /* TreatBoxApp.swift in Sources */,
				69930C572CA7A01500D33887 /* MealListView.swift in Sources */,
			);
			runOnlyForDeploymentPostprocessing = 0;
		};
/* End PBXSourcesBuildPhase section */

/* Begin XCBuildConfiguration section */
		69EB9E452CA3864600F70C47 /* Debug */ = {
			isa = XCBuildConfiguration;
			buildSettings = {
				ALWAYS_SEARCH_USER_PATHS = NO;
				ASSETCATALOG_COMPILER_GENERATE_SWIFT_ASSET_SYMBOL_EXTENSIONS = YES;
				CLANG_ANALYZER_NONNULL = YES;
				CLANG_ANALYZER_NUMBER_OBJECT_CONVERSION = YES_AGGRESSIVE;
				CLANG_CXX_LANGUAGE_STANDARD = "gnu++20";
				CLANG_ENABLE_MODULES = YES;
				CLANG_ENABLE_OBJC_ARC = YES;
				CLANG_ENABLE_OBJC_WEAK = YES;
				CLANG_WARN_BLOCK_CAPTURE_AUTORELEASING = YES;
				CLANG_WARN_BOOL_CONVERSION = YES;
				CLANG_WARN_COMMA = YES;
				CLANG_WARN_CONSTANT_CONVERSION = YES;
				CLANG_WARN_DEPRECATED_OBJC_IMPLEMENTATIONS = YES;
				CLANG_WARN_DIRECT_OBJC_ISA_USAGE = YES_ERROR;
				CLANG_WARN_DOCUMENTATION_COMMENTS = YES;
				CLANG_WARN_EMPTY_BODY = YES;
				CLANG_WARN_ENUM_CONVERSION = YES;
				CLANG_WARN_INFINITE_RECURSION = YES;
				CLANG_WARN_INT_CONVERSION = YES;
				CLANG_WARN_NON_LITERAL_NULL_CONVERSION = YES;
				CLANG_WARN_OBJC_IMPLICIT_RETAIN_SELF = YES;
				CLANG_WARN_OBJC_LITERAL_CONVERSION = YES;
				CLANG_WARN_OBJC_ROOT_CLASS = YES_ERROR;
				CLANG_WARN_QUOTED_INCLUDE_IN_FRAMEWORK_HEADER = YES;
				CLANG_WARN_RANGE_LOOP_ANALYSIS = YES;
				CLANG_WARN_STRICT_PROTOTYPES = YES;
				CLANG_WARN_SUSPICIOUS_MOVE = YES;
				CLANG_WARN_UNGUARDED_AVAILABILITY = YES_AGGRESSIVE;
				CLANG_WARN_UNREACHABLE_CODE = YES;
				CLANG_WARN__DUPLICATE_METHOD_MATCH = YES;
				COPY_PHASE_STRIP = NO;
				DEBUG_INFORMATION_FORMAT = dwarf;
				ENABLE_STRICT_OBJC_MSGSEND = YES;
				ENABLE_TESTABILITY = YES;
				ENABLE_USER_SCRIPT_SANDBOXING = YES;
				GCC_C_LANGUAGE_STANDARD = gnu17;
				GCC_DYNAMIC_NO_PIC = NO;
				GCC_NO_COMMON_BLOCKS = YES;
				GCC_OPTIMIZATION_LEVEL = 0;
				GCC_PREPROCESSOR_DEFINITIONS = (
					"DEBUG=1",
					"$(inherited)",
				);
				GCC_WARN_64_TO_32_BIT_CONVERSION = YES;
				GCC_WARN_ABOUT_RETURN_TYPE = YES_ERROR;
				GCC_WARN_UNDECLARED_SELECTOR = YES;
				GCC_WARN_UNINITIALIZED_AUTOS = YES_AGGRESSIVE;
				GCC_WARN_UNUSED_FUNCTION = YES;
				GCC_WARN_UNUSED_VARIABLE = YES;
				LOCALIZATION_PREFERS_STRING_CATALOGS = YES;
				MTL_ENABLE_DEBUG_INFO = INCLUDE_SOURCE;
				MTL_FAST_MATH = YES;
				ONLY_ACTIVE_ARCH = YES;
				SWIFT_ACTIVE_COMPILATION_CONDITIONS = "DEBUG $(inherited)";
				SWIFT_OPTIMIZATION_LEVEL = "-Onone";
			};
			name = Debug;
		};
		69EB9E462CA3864600F70C47 /* Release */ = {
			isa = XCBuildConfiguration;
			buildSettings = {
				ALWAYS_SEARCH_USER_PATHS = NO;
				ASSETCATALOG_COMPILER_GENERATE_SWIFT_ASSET_SYMBOL_EXTENSIONS = YES;
				CLANG_ANALYZER_NONNULL = YES;
				CLANG_ANALYZER_NUMBER_OBJECT_CONVERSION = YES_AGGRESSIVE;
				CLANG_CXX_LANGUAGE_STANDARD = "gnu++20";
				CLANG_ENABLE_MODULES = YES;
				CLANG_ENABLE_OBJC_ARC = YES;
				CLANG_ENABLE_OBJC_WEAK = YES;
				CLANG_WARN_BLOCK_CAPTURE_AUTORELEASING = YES;
				CLANG_WARN_BOOL_CONVERSION = YES;
				CLANG_WARN_COMMA = YES;
				CLANG_WARN_CONSTANT_CONVERSION = YES;
				CLANG_WARN_DEPRECATED_OBJC_IMPLEMENTATIONS = YES;
				CLANG_WARN_DIRECT_OBJC_ISA_USAGE = YES_ERROR;
				CLANG_WARN_DOCUMENTATION_COMMENTS = YES;
				CLANG_WARN_EMPTY_BODY = YES;
				CLANG_WARN_ENUM_CONVERSION = YES;
				CLANG_WARN_INFINITE_RECURSION = YES;
				CLANG_WARN_INT_CONVERSION = YES;
				CLANG_WARN_NON_LITERAL_NULL_CONVERSION = YES;
				CLANG_WARN_OBJC_IMPLICIT_RETAIN_SELF = YES;
				CLANG_WARN_OBJC_LITERAL_CONVERSION = YES;
				CLANG_WARN_OBJC_ROOT_CLASS = YES_ERROR;
				CLANG_WARN_QUOTED_INCLUDE_IN_FRAMEWORK_HEADER = YES;
				CLANG_WARN_RANGE_LOOP_ANALYSIS = YES;
				CLANG_WARN_STRICT_PROTOTYPES = YES;
				CLANG_WARN_SUSPICIOUS_MOVE = YES;
				CLANG_WARN_UNGUARDED_AVAILABILITY = YES_AGGRESSIVE;
				CLANG_WARN_UNREACHABLE_CODE = YES;
				CLANG_WARN__DUPLICATE_METHOD_MATCH = YES;
				COPY_PHASE_STRIP = NO;
				DEBUG_INFORMATION_FORMAT = "dwarf-with-dsym";
				ENABLE_NS_ASSERTIONS = NO;
				ENABLE_STRICT_OBJC_MSGSEND = YES;
				ENABLE_USER_SCRIPT_SANDBOXING = YES;
				GCC_C_LANGUAGE_STANDARD = gnu17;
				GCC_NO_COMMON_BLOCKS = YES;
				GCC_WARN_64_TO_32_BIT_CONVERSION = YES;
				GCC_WARN_ABOUT_RETURN_TYPE = YES_ERROR;
				GCC_WARN_UNDECLARED_SELECTOR = YES;
				GCC_WARN_UNINITIALIZED_AUTOS = YES_AGGRESSIVE;
				GCC_WARN_UNUSED_FUNCTION = YES;
				GCC_WARN_UNUSED_VARIABLE = YES;
				LOCALIZATION_PREFERS_STRING_CATALOGS = YES;
				MTL_ENABLE_DEBUG_INFO = NO;
				MTL_FAST_MATH = YES;
				SWIFT_COMPILATION_MODE = wholemodule;
			};
			name = Release;
		};
		69EB9E482CA3864600F70C47 /* Debug */ = {
			isa = XCBuildConfiguration;
			buildSettings = {
				ASSETCATALOG_COMPILER_APPICON_NAME = AppIcon;
				ASSETCATALOG_COMPILER_GLOBAL_ACCENT_COLOR_NAME = AccentColor;
				CODE_SIGN_ENTITLEMENTS = TreatBox/TreatBox.entitlements;
				CODE_SIGN_STYLE = Automatic;
				CURRENT_PROJECT_VERSION = 1;
				DEVELOPMENT_ASSET_PATHS = "\"TreatBox/Preview Content\"";
				ENABLE_PREVIEWS = YES;
				GENERATE_INFOPLIST_FILE = YES;
				"INFOPLIST_KEY_UIApplicationSceneManifest_Generation[sdk=iphoneos*]" = YES;
				"INFOPLIST_KEY_UIApplicationSceneManifest_Generation[sdk=iphonesimulator*]" = YES;
				"INFOPLIST_KEY_UIApplicationSupportsIndirectInputEvents[sdk=iphoneos*]" = YES;
				"INFOPLIST_KEY_UIApplicationSupportsIndirectInputEvents[sdk=iphonesimulator*]" = YES;
				"INFOPLIST_KEY_UILaunchScreen_Generation[sdk=iphoneos*]" = YES;
				"INFOPLIST_KEY_UILaunchScreen_Generation[sdk=iphonesimulator*]" = YES;
				"INFOPLIST_KEY_UIStatusBarStyle[sdk=iphoneos*]" = UIStatusBarStyleDefault;
				"INFOPLIST_KEY_UIStatusBarStyle[sdk=iphonesimulator*]" = UIStatusBarStyleDefault;
				INFOPLIST_KEY_UISupportedInterfaceOrientations_iPad = "UIInterfaceOrientationPortrait UIInterfaceOrientationPortraitUpsideDown UIInterfaceOrientationLandscapeLeft UIInterfaceOrientationLandscapeRight";
				INFOPLIST_KEY_UISupportedInterfaceOrientations_iPhone = "UIInterfaceOrientationPortrait UIInterfaceOrientationLandscapeLeft UIInterfaceOrientationLandscapeRight";
				IPHONEOS_DEPLOYMENT_TARGET = 17.4;
				LD_RUNPATH_SEARCH_PATHS = "@executable_path/Frameworks";
				"LD_RUNPATH_SEARCH_PATHS[sdk=macosx*]" = "@executable_path/../Frameworks";
				MACOSX_DEPLOYMENT_TARGET = 14.4;
				MARKETING_VERSION = 1.0;
				PRODUCT_BUNDLE_IDENTIFIER = com.brukewondessen.TreatBox;
				PRODUCT_NAME = "$(TARGET_NAME)";
				SDKROOT = auto;
				SUPPORTED_PLATFORMS = "iphoneos iphonesimulator";
				SUPPORTS_MACCATALYST = NO;
				SWIFT_EMIT_LOC_STRINGS = YES;
				SWIFT_VERSION = 5.0;
				TARGETED_DEVICE_FAMILY = "1,2";
			};
			name = Debug;
		};
		69EB9E492CA3864600F70C47 /* Release */ = {
			isa = XCBuildConfiguration;
			buildSettings = {
				ASSETCATALOG_COMPILER_APPICON_NAME = AppIcon;
				ASSETCATALOG_COMPILER_GLOBAL_ACCENT_COLOR_NAME = AccentColor;
				CODE_SIGN_ENTITLEMENTS = TreatBox/TreatBox.entitlements;
				CODE_SIGN_STYLE = Automatic;
				CURRENT_PROJECT_VERSION = 1;
				DEVELOPMENT_ASSET_PATHS = "\"TreatBox/Preview Content\"";
				ENABLE_PREVIEWS = YES;
				GENERATE_INFOPLIST_FILE = YES;
				"INFOPLIST_KEY_UIApplicationSceneManifest_Generation[sdk=iphoneos*]" = YES;
				"INFOPLIST_KEY_UIApplicationSceneManifest_Generation[sdk=iphonesimulator*]" = YES;
				"INFOPLIST_KEY_UIApplicationSupportsIndirectInputEvents[sdk=iphoneos*]" = YES;
				"INFOPLIST_KEY_UIApplicationSupportsIndirectInputEvents[sdk=iphonesimulator*]" = YES;
				"INFOPLIST_KEY_UILaunchScreen_Generation[sdk=iphoneos*]" = YES;
				"INFOPLIST_KEY_UILaunchScreen_Generation[sdk=iphonesimulator*]" = YES;
				"INFOPLIST_KEY_UIStatusBarStyle[sdk=iphoneos*]" = UIStatusBarStyleDefault;
				"INFOPLIST_KEY_UIStatusBarStyle[sdk=iphonesimulator*]" = UIStatusBarStyleDefault;
				INFOPLIST_KEY_UISupportedInterfaceOrientations_iPad = "UIInterfaceOrientationPortrait UIInterfaceOrientationPortraitUpsideDown UIInterfaceOrientationLandscapeLeft UIInterfaceOrientationLandscapeRight";
				INFOPLIST_KEY_UISupportedInterfaceOrientations_iPhone = "UIInterfaceOrientationPortrait UIInterfaceOrientationLandscapeLeft UIInterfaceOrientationLandscapeRight";
				IPHONEOS_DEPLOYMENT_TARGET = 17.4;
				LD_RUNPATH_SEARCH_PATHS = "@executable_path/Frameworks";
				"LD_RUNPATH_SEARCH_PATHS[sdk=macosx*]" = "@executable_path/../Frameworks";
				MACOSX_DEPLOYMENT_TARGET = 14.4;
				MARKETING_VERSION = 1.0;
				PRODUCT_BUNDLE_IDENTIFIER = com.brukewondessen.TreatBox;
				PRODUCT_NAME = "$(TARGET_NAME)";
				SDKROOT = auto;
				SUPPORTED_PLATFORMS = "iphoneos iphonesimulator";
				SUPPORTS_MACCATALYST = NO;
				SWIFT_EMIT_LOC_STRINGS = YES;
				SWIFT_VERSION = 5.0;
				TARGETED_DEVICE_FAMILY = "1,2";
			};
			name = Release;
		};
/* End XCBuildConfiguration section */

/* Begin XCConfigurationList section */
		69EB9E332CA3864500F70C47 /* Build configuration list for PBXProject "TreatBox" */ = {
			isa = XCConfigurationList;
			buildConfigurations = (
				69EB9E452CA3864600F70C47 /* Debug */,
				69EB9E462CA3864600F70C47 /* Release */,
			);
			defaultConfigurationIsVisible = 0;
			defaultConfigurationName = Release;
		};
		69EB9E472CA3864600F70C47 /* Build configuration list for PBXNativeTarget "TreatBox" */ = {
			isa = XCConfigurationList;
			buildConfigurations = (
				69EB9E482CA3864600F70C47 /* Debug */,
				69EB9E492CA3864600F70C47 /* Release */,
			);
			defaultConfigurationIsVisible = 0;
			defaultConfigurationName = Release;
		};
/* End XCConfigurationList section */
	};
	rootObject = 69EB9E302CA3864500F70C47 /* Project object */;
}
